github.com/andybalholm/brotli v1.0.4 h1:V7DdXeJtZscaqfNuAdSRuRFzuiKlHSC/Zh3zl9qY3JY=
github.com/andybalholm/brotli v1.0.4/go.mod h1:fO7iG3H7G2nSZ7m0zPUDn85XEX2GTukHGRSepvi9Eig=
github.com/elmasy-com/bytebuilder v0.6.0 h1:uIQPMModD3Q8MT+ILkxKn+0twHJzohhybbSs7uSqKgU=
github.com/elmasy-com/bytebuilder v0.6.0/go.mod h1:caVnKkxOEeA0VBrjUnbOtzniCYL41+uROKn1Ftq6i0s=
github.com/elmasy-com/elmasy v0.1.0 h1:7VDcuuEK/IGnZ4lN2y3o7aMHyd8QMdByeH0ijFDyG7I=
github.com/elmasy-com/elmasy v0.1.0/go.mod h1:JZP+785prN+UYmNVzuXzfXhuV9jXlqAVOo9Hd1GDPLM=
github.com/elmasy-com/identify v1.1.0 h1:RWW4FE+6gRpt9lATAyRojwsDiC/hLgO3B9TDdl98sbA=
github.com/elmasy-com/identify v1.1.0/go.mod h1:RNwFDjyTfqXDvasuNI/PM4s4M7mmH7SsZfMxUDLQkC4=
github.com/elmasy-com/slices v0.0.0-20230207195255-fd5719a026da h1:jb9Bm+kX+W1ZEe/pPzVP45URQx1WQjM+VHBgJO3EvUM=
github.com/elmasy-com/slices v0.0.0-20230207195255-fd5719a026da/go.mod h1:0DO/qXOgrnrXU44i+9JQzusxxxx6WPPW7WQeV/RJLLM=
github.com/g0rbe/slitu v1.0.4 h1:9wUp+dPRCyLzrnZEqKS85P6DVjOGV15dRsU6IsepEcE=
github.com/g0rbe/slitu v1.0.4/go.mod h1:Aa/XZJV+hyeffFu1+ie3mHwOy9ygJ/blK+V50hHlxbo=
github.com/gaukas/godicttls v0.0.3 h1:YNDIf0d9adcxOijiLrEzpfZGAkNwLRzPaG6OjU7EITk=
github.com/gaukas/godicttls v0.0.3/go.mod h1:l6EenT4TLWgTdwslVb4sEMOCf7Bv0JAK67deKr9/NCI=
github.com/google/gopacket v1.1.19 h1:ves8RnFZPGiFnTS0uPQStjwru6uO6h+nlr9j6fL7kF8=
github.com/google/gopacket v1.1.19/go.mod h1:iJ8V8n6KS+z2U1A8pUwu8bW5SyEMkXJB8Yo/Vo+TKTo=
github.com/klauspost/compress v1.15.15 h1:EF27CXIuDsYJ6mmvtBRlEuB2UVOqHG1tAXgZ7yIO+lw=
github.com/klauspost/compress v1.15.15/go.mod h1:ZcK2JAFqKOpnBlxcLsJzYfrS9X1akm9fHZNnD9+Vo/4=
github.com/miekg/dns v1.1.54 h1:5jon9mWcb0sFJGpnI99tOMhCPyJ+RPVz5b63MQG0VWI=
github.com/miekg/dns v1.1.54/go.mod h1:uInx36IzPl7FYnDcMeVWxj9byh7DutNykX4G9Sj60FY=
github.com/refraction-networking/utls v1.3.2 h1:o+AkWB57mkcoW36ET7uJ002CpBWHu0KPxi6vzxvPnv8=
github.com/refraction-networking/utls v1.3.2/go.mod h1:fmoaOww2bxzzEpIKOebIsnBvjQpqP7L2vcm/9KUfm/E=
golang.org/x/crypto v0.0.0-20190308221718-c2843e01d9a2/go.mod h1:djNgcEr1/C05ACkg1iLfiJU5Ep61QUkGW8qpdssI0+w=
golang.org/x/crypto v0.0.0-20191011191535-87dc89f01550/go.mod h1:yigFU9vqHzYiE8UmvKecakEJjdnWj3jj499lnFckfCI=
golang.org/x/crypto v0.5.0 h1:U/0M97KRkSFvyD/3FSmdP5W5swImpNgle/EHFhOsQPE=
golang.org/x/crypto v0.5.0/go.mod h1:NK/OQwhpMQP3MwtdjgLlYHnH9ebylxKWv3e0fK+mkQU=
golang.org/x/lint v0.0.0-20200302205851-738671d3881b/go.mod h1:3xt1FjdF8hUf6vQPIChWIBhFzV8gjjsPE/fR3IyQdNY=
golang.org/x/mod v0.1.1-0.20191105210325-c90efee705ee/go.mod h1:QqPTAvyqsEbceGzBzNggFXnrqF1CaUcvgkdR5Ot7KZg=
golang.org/x/mod v0.10.0 h1:lFO9qtOdlre5W1jxS3r/4szv2/6iXxScdzjoBMXNhYk=
golang.org/x/mod v0.10.0/go.mod h1:iBbtSCu2XBx23ZKBPSOrRkjjQPZFPuis4dIYUhu/chs=
golang.org/x/net v0.0.0-20190404232315-eb5bcb51f2a3/go.mod h1:t9HGtf8HONx5eT2rtn7q6eTqICYqUVnKs3thJo3Qplg=
golang.org/x/net v0.0.0-20190620200207-3b0461eec859/go.mod h1:z5CRVTTTmAJ677TzLLGU+0bjPO0LkuOLi4/5GtJWs/s=
golang.org/x/net v0.10.0 h1:X2//UzNDwYmtCLn7To6G58Wr6f5ahEAQgKNzv9Y951M=
golang.org/x/net v0.10.0/go.mod h1:0qNGK6F8kojg2nk9dLZ2mShWaEBan6FAoqfSigmmuDg=
golang.org/x/sync v0.0.0-20190423024810-112230192c58/go.mod h1:RxMgew5VJxzue5/jJTE5uejpjVlOe/izrB70Jof72aM=
golang.org/x/sync v0.2.0 h1:PUR+T4wwASmuSTYdKjYHI5TD22Wy5ogLU5qZCOLxBrI=
golang.org/x/sys v0.0.0-20190215142949-d0b11bdaac8a/go.mod h1:STP8DvDyc/dI5b8T5hshtkjS+E42TnysNCUPdjciGhY=
golang.org/x/sys v0.0.0-20190412213103-97732733099d/go.mod h1:h1NjWce9XRLGQEsW7wpKNCjG9DtNlClVuFLEZdDNbEs=
golang.org/x/sys v0.8.0 h1:EBmGv8NaZBZTWvrbjNoL6HVt+IVy3QDQpJs7VRIw3tU=
golang.org/x/sys v0.8.0/go.mod h1:oPkhp1MJrh7nUepCBck5+mAzfO9JrbApNNgaTdGDITg=
golang.org/x/text v0.3.0/go.mod h1:NqM8EUOU14njkJ3fqMW+pc6Ldnwhi/IjpwHt7yyuwOQ=
golang.org/x/tools v0.0.0-20200130002326-2f3ba24bd6e7/go.mod h1:TB2adYChydJhpapKDTa4BR/hXlZSLoq2Wpct/0txZ28=
golang.org/x/tools v0.9.3 h1:Gn1I8+64MsuTb/HpH+LmQtNas23LhUVr3rYZ0eKuaMM=
golang.org/x/tools v0.9.3/go.mod h1:owI94Op576fPu3cIGQeHs3joujW/2Oc6MtlxbF5dfNc=
golang.org/x/xerrors v0.0.0-20191011141410-1b5146add898/go.mod h1:I/5z698sn9Ka8TeJc9MKroUUfqBBauWjQqLJ2OPfmY0=
